
Microsoft Visual Studio Solution File, Format Version 12.00
# Visual Studio Version 16
VisualStudioVersion = 16.0.31729.503
MinimumVisualStudioVersion = 10.0.40219.1
Project("{FAE04EC0-301F-11D3-BF4B-00C04F79EFBC}") = "NFTWEBSITE", "NFTWEBSITE\NFTWEBSITE.csproj", "{0EDC9A34-65D9-418E-8D36-0063C68DE80B}"
EndProject
Global
	GlobalSection(SolutionConfigurationPlatforms) = preSolution
		Debug|Any CPU = Debug|Any CPU
		Release|Any CPU = Release|Any CPU
	EndGlobalSection
	GlobalSection(ProjectConfigurationPlatforms) = postSolution
		{0EDC9A34-65D9-418E-8D36-0063C68DE80B}.Debug|Any CPU.ActiveCfg = Debug|Any CPU
		{0EDC9A34-65D9-418E-8D36-0063C68DE80B}.Debug|Any CPU.Build.0 = Debug|Any CPU
		{0EDC9A34-65D9-418E-8D36-0063C68DE80B}.Release|Any CPU.ActiveCfg = Release|Any CPU
		{0EDC9A34-65D9-418E-8D36-0063C68DE80B}.Release|Any CPU.Build.0 = Release|Any CPU
	EndGlobalSection
	GlobalSection(SolutionProperties) = preSolution
		HideSolutionNode = FALSE
	EndGlobalSection
	GlobalSection(ExtensibilityGlobals) = postSolution
		SolutionGuid = {CFB57BE5-275A-44F3-8856-9FB596AFE749}
	EndGlobalSection
EndGlobal
